
Microsoft Visual Studio Solution File, Format Version 12.00
# Visual Studio 14
VisualStudioVersion = 14.0.23107.0
MinimumVisualStudioVersion = 10.0.40219.1
Project("{FAE04EC0-301F-11D3-BF4B-00C04F79EFBC}") = "TfsWitAdminTools", "TfsWitAdminTools\TfsWitAdminTools.csproj", "{D73ADBDC-6B9B-4C52-AC8D-7E0D26490D12}"
EndProject
Project("{FAE04EC0-301F-11D3-BF4B-00C04F79EFBC}") = "TfsWitAdminTools.Cmn", "TfsWitAdminTools.Cmn\TfsWitAdminTools.Cmn.csproj", "{483EFD0C-3300-4725-88D1-170B5AFE81C0}"
EndProject
Project("{FAE04EC0-301F-11D3-BF4B-00C04F79EFBC}") = "TfsWitAdminTools.Tests", "TfsWitAdminTools.Tests\TfsWitAdminTools.Tests.csproj", "{B8D5D94D-F6BF-4ADA-9AA0-0D8701F5CFD4}"
EndProject
Global
	GlobalSection(SolutionConfigurationPlatforms) = preSolution
		Debug|Any CPU = Debug|Any CPU
		Release|Any CPU = Release|Any CPU
	EndGlobalSection
	GlobalSection(ProjectConfigurationPlatforms) = postSolution
		{D73ADBDC-6B9B-4C52-AC8D-7E0D26490D12}.Debug|Any CPU.ActiveCfg = Debug|Any CPU
		{D73ADBDC-6B9B-4C52-AC8D-7E0D26490D12}.Debug|Any CPU.Build.0 = Debug|Any CPU
		{D73ADBDC-6B9B-4C52-AC8D-7E0D26490D12}.Release|Any CPU.ActiveCfg = Release|Any CPU
		{D73ADBDC-6B9B-4C52-AC8D-7E0D26490D12}.Release|Any CPU.Build.0 = Release|Any CPU
		{483EFD0C-3300-4725-88D1-170B5AFE81C0}.Debug|Any CPU.ActiveCfg = Debug|Any CPU
		{483EFD0C-3300-4725-88D1-170B5AFE81C0}.Debug|Any CPU.Build.0 = Debug|Any CPU
		{483EFD0C-3300-4725-88D1-170B5AFE81C0}.Release|Any CPU.ActiveCfg = Release|Any CPU
		{483EFD0C-3300-4725-88D1-170B5AFE81C0}.Release|Any CPU.Build.0 = Release|Any CPU
		{B8D5D94D-F6BF-4ADA-9AA0-0D8701F5CFD4}.Debug|Any CPU.ActiveCfg = Debug|Any CPU
		{B8D5D94D-F6BF-4ADA-9AA0-0D8701F5CFD4}.Debug|Any CPU.Build.0 = Debug|Any CPU
		{B8D5D94D-F6BF-4ADA-9AA0-0D8701F5CFD4}.Release|Any CPU.ActiveCfg = Release|Any CPU
		{B8D5D94D-F6BF-4ADA-9AA0-0D8701F5CFD4}.Release|Any CPU.Build.0 = Release|Any CPU
	EndGlobalSection
	GlobalSection(SolutionProperties) = preSolution
		HideSolutionNode = FALSE
	EndGlobalSection
EndGlobal
